
Microsoft Visual Studio Solution File, Format Version 12.00
# Visual Studio Version 17
VisualStudioVersion = 17.14.36221.1
MinimumVisualStudioVersion = 10.0.40219.1
Project("{FAE04EC0-301F-11D3-BF4B-00C04F79EFBC}") = "RBACPermissionSystemDemo", "RBACPermissionSystemDemo\RBACPermissionSystemDemo.csproj", "{0D7CBA7D-05D1-416B-AC2B-69D86C9F3ADB}"
EndProject
Project("{FAE04EC0-301F-11D3-BF4B-00C04F79EFBC}") = "RBACDemo.Models", "RBACDemo.Models\RBACDemo.Models.csproj", "{1DF4CCFE-B81B-482B-9D2C-1B8926D18C29}"
EndProject
Project("{FAE04EC0-301F-11D3-BF4B-00C04F79EFBC}") = "RBACDemo.DAL", "RBACDemo.DAL\RBACDemo.DAL.csproj", "{BEB76ADE-9D48-4EC9-AA02-47E8FA16CEA9}"
EndProject
Global
	GlobalSection(SolutionConfigurationPlatforms) = preSolution
		Debug|Any CPU = Debug|Any CPU
		Release|Any CPU = Release|Any CPU
	EndGlobalSection
	GlobalSection(ProjectConfigurationPlatforms) = postSolution
		{0D7CBA7D-05D1-416B-AC2B-69D86C9F3ADB}.Debug|Any CPU.ActiveCfg = Debug|Any CPU
		{0D7CBA7D-05D1-416B-AC2B-69D86C9F3ADB}.Debug|Any CPU.Build.0 = Debug|Any CPU
		{0D7CBA7D-05D1-416B-AC2B-69D86C9F3ADB}.Release|Any CPU.ActiveCfg = Release|Any CPU
		{0D7CBA7D-05D1-416B-AC2B-69D86C9F3ADB}.Release|Any CPU.Build.0 = Release|Any CPU
		{1DF4CCFE-B81B-482B-9D2C-1B8926D18C29}.Debug|Any CPU.ActiveCfg = Debug|Any CPU
		{1DF4CCFE-B81B-482B-9D2C-1B8926D18C29}.Debug|Any CPU.Build.0 = Debug|Any CPU
		{1DF4CCFE-B81B-482B-9D2C-1B8926D18C29}.Release|Any CPU.ActiveCfg = Release|Any CPU
		{1DF4CCFE-B81B-482B-9D2C-1B8926D18C29}.Release|Any CPU.Build.0 = Release|Any CPU
		{BEB76ADE-9D48-4EC9-AA02-47E8FA16CEA9}.Debug|Any CPU.ActiveCfg = Debug|Any CPU
		{BEB76ADE-9D48-4EC9-AA02-47E8FA16CEA9}.Debug|Any CPU.Build.0 = Debug|Any CPU
		{BEB76ADE-9D48-4EC9-AA02-47E8FA16CEA9}.Release|Any CPU.ActiveCfg = Release|Any CPU
		{BEB76ADE-9D48-4EC9-AA02-47E8FA16CEA9}.Release|Any CPU.Build.0 = Release|Any CPU
	EndGlobalSection
	GlobalSection(SolutionProperties) = preSolution
		HideSolutionNode = FALSE
	EndGlobalSection
	GlobalSection(ExtensibilityGlobals) = postSolution
		SolutionGuid = {6EABB16B-F384-42CB-B7AC-E97ED0A5D107}
	EndGlobalSection
EndGlobal
